// !$*UTF8*$!
{
	archiveVersion = 1;
	classes = {
	};
	objectVersion = 56;
	objects = {

/* Begin PBXBuildFile section */
		FADACA2A2A5872680024A024 /* AppDelegate.swift in Sources */ = {isa = PBXBuildFile; fileRef = FADACA292A5872680024A024 /* AppDelegate.swift */; };
		FADACA2C2A5872680024A024 /* SceneDelegate.swift in Sources */ = {isa = PBXBuildFile; fileRef = FADACA2B2A5872680024A024 /* SceneDelegate.swift */; };
		FADACA2E2A5872680024A024 /* ViewController.swift in Sources */ = {isa = PBXBuildFile; fileRef = FADACA2D2A5872680024A024 /* ViewController.swift */; };
		FADACA312A5872680024A024 /* Main.storyboard in Resources */ = {isa = PBXBuildFile; fileRef = FADACA2F2A5872680024A024 /* Main.storyboard */; };
		FADACA332A5872690024A024 /* Assets.xcassets in Resources */ = {isa = PBXBuildFile; fileRef = FADACA322A5872690024A024 /* Assets.xcassets */; };
		FADACA362A5872690024A024 /* LaunchScreen.storyboard in Resources */ = {isa = PBXBuildFile; fileRef = FADACA342A5872690024A024 /* LaunchScreen.storyboard */; };
		FADACA412A5872690024A024 /* IBBasicsTests.swift in Sources */ = {isa = PBXBuildFile; fileRef = FADACA402A5872690024A024 /* IBBasicsTests.swift */; };
		FADACA4B2A5872690024A024 /* IBBasicsUITests.swift in Sources */ = {isa = PBXBuildFile; fileRef = FADACA4A2A5872690024A024 /* IBBasicsUITests.swift */; };
		FADACA4D2A5872690024A024 /* IBBasicsUITestsLaunchTests.swift in Sources */ = {isa = PBXBuildFile; fileRef = FADACA4C2A5872690024A024 /* IBBasicsUITestsLaunchTests.swift */; };
/* End PBXBuildFile section */

/* Begin PBXContainerItemProxy section */
		FADACA3D2A5872690024A024 /* PBXContainerItemProxy */ = {
			isa = PBXContainerItemProxy;
			containerPortal = FADACA1E2A5872680024A024 /* Project object */;
			proxyType = 1;
			remoteGlobalIDString = FADACA252A5872680024A024;
			remoteInfo = IBBasics;
		};
		FADACA472A5872690024A024 /* PBXContainerItemProxy */ = {
			isa = PBXContainerItemProxy;
			containerPortal = FADACA1E2A5872680024A024 /* Project object */;
			proxyType = 1;
			remoteGlobalIDString = FADACA252A5872680024A024;
			remoteInfo = IBBasics;
		};
/* End PBXContainerItemProxy section */

/* Begin PBXFileReference section */
		FADACA262A5872680024A024 /* IBBasics.app */ = {isa = PBXFileReference; explicitFileType = wrapper.application; includeInIndex = 0; path = IBBasics.app; sourceTree = BUILT_PRODUCTS_DIR; };
		FADACA292A5872680024A024 /* AppDelegate.swift */ = {isa = PBXFileReference; lastKnownFileType = sourcecode.swift; path = AppDelegate.swift; sourceTree = "<group>"; };
		FADACA2B2A5872680024A024 /* SceneDelegate.swift */ = {isa = PBXFileReference; lastKnownFileType = sourcecode.swift; path = SceneDelegate.swift; sourceTree = "<group>"; };
		FADACA2D2A5872680024A024 /* ViewController.swift */ = {isa = PBXFileReference; lastKnownFileType = sourcecode.swift; path = ViewController.swift; sourceTree = "<group>"; };
		FADACA302A5872680024A024 /* Base */ = {isa = PBXFileReference; lastKnownFileType = file.storyboard; name = Base; path = Base.lproj/Main.storyboard; sourceTree = "<group>"; };
		FADACA322A5872690024A024 /* Assets.xcassets */ = {isa = PBXFileReference; lastKnownFileType = folder.assetcatalog; path = Assets.xcassets; sourceTree = "<group>"; };
		FADACA352A5872690024A024 /* Base */ = {isa = PBXFileReference; lastKnownFileType = file.storyboard; name = Base; path = Base.lproj/LaunchScreen.storyboard; sourceTree = "<group>"; };
		FADACA372A5872690024A024 /* Info.plist */ = {isa = PBXFileReference; lastKnownFileType = text.plist.xml; path = Info.plist; sourceTree = "<group>"; };
		FADACA3C2A5872690024A024 /* IBBasicsTests.xctest */ = {isa = PBXFileReference; explicitFileType = wrapper.cfbundle; includeInIndex = 0; path = IBBasicsTests.xctest; sourceTree = BUILT_PRODUCTS_DIR; };
		FADACA402A5872690024A024 /* IBBasicsTests.swift */ = {isa = PBXFileReference; lastKnownFileType = sourcecode.swift; path = IBBasicsTests.swift; sourceTree = "<group>"; };
		FADACA462A5872690024A024 /* IBBasicsUITests.xctest */ = {isa = PBXFileReference; explicitFileType = wrapper.cfbundle; includeInIndex = 0; path = IBBasicsUITests.xctest; sourceTree = BUILT_PRODUCTS_DIR; };
		FADACA4A2A5872690024A024 /* IBBasicsUITests.swift */ = {isa = PBXFileReference; lastKnownFileType = sourcecode.swift; path = IBBasicsUITests.swift; sourceTree = "<group>"; };
		FADACA4C2A5872690024A024 /* IBBasicsUITestsLaunchTests.swift */ = {isa = PBXFileReference; lastKnownFileType = sourcecode.swift; path = IBBasicsUITestsLaunchTests.swift; sourceTree = "<group>"; };
/* End PBXFileReference section */

/* Begin PBXFrameworksBuildPhase section */
		FADACA232A5872680024A024 /* Frameworks */ = {
			isa = PBXFrameworksBuildPhase;
			buildActionMask = 2147483647;
			files = (
			);
			runOnlyForDeploymentPostprocessing = 0;
		};
		FADACA392A5872690024A024 /* Frameworks */ = {
			isa = PBXFrameworksBuildPhase;
			buildActionMask = 2147483647;
			files = (
			);
			runOnlyForDeploymentPostprocessing = 0;
		};
		FADACA432A5872690024A024 /* Frameworks */ = {
			isa = PBXFrameworksBuildPhase;
			buildActionMask = 2147483647;
			files = (
			);
			runOnlyForDeploymentPostprocessing = 0;
		};
/* End PBXFrameworksBuildPhase section */

/* Begin PBXGroup section */
		FADACA1D2A5872680024A024 = {
			isa = PBXGroup;
			children = (
				FADACA282A5872680024A024 /* IBBasics */,
				FADACA3F2A5872690024A024 /* IBBasicsTests */,
				FADACA492A5872690024A024 /* IBBasicsUITests */,
				FADACA272A5872680024A024 /* Products */,
			);
			sourceTree = "<group>";
		};
		FADACA272A5872680024A024 /* Products */ = {
			isa = PBXGroup;
			children = (
				FADACA262A5872680024A024 /* IBBasics.app */,
				FADACA3C2A5872690024A024 /* IBBasicsTests.xctest */,
				FADACA462A5872690024A024 /* IBBasicsUITests.xctest */,
			);
			name = Products;
			sourceTree = "<group>";
		};
		FADACA282A5872680024A024 /* IBBasics */ = {
			isa = PBXGroup;
			children = (
				FADACA292A5872680024A024 /* AppDelegate.swift */,
				FADACA2B2A5872680024A024 /* SceneDelegate.swift */,
				FADACA2D2A5872680024A024 /* ViewController.swift */,
				FADACA2F2A5872680024A024 /* Main.storyboard */,
				FADACA322A5872690024A024 /* Assets.xcassets */,
				FADACA342A5872690024A024 /* LaunchScreen.storyboard */,
				FADACA372A5872690024A024 /* Info.plist */,
			);
			path = IBBasics;
			sourceTree = "<group>";
		};
		FADACA3F2A5872690024A024 /* IBBasicsTests */ = {
			isa = PBXGroup;
			children = (
				FADACA402A5872690024A024 /* IBBasicsTests.swift */,
			);
			path = IBBasicsTests;
			sourceTree = "<group>";
		};
		FADACA492A5872690024A024 /* IBBasicsUITests */ = {
			isa = PBXGroup;
			children = (
				FADACA4A2A5872690024A024 /* IBBasicsUITests.swift */,
				FADACA4C2A5872690024A024 /* IBBasicsUITestsLaunchTests.swift */,
			);
			path = IBBasicsUITests;
			sourceTree = "<group>";
		};
/* End PBXGroup section */

/* Begin PBXNativeTarget section */
		FADACA252A5872680024A024 /* IBBasics */ = {
			isa = PBXNativeTarget;
			buildConfigurationList = FADACA502A5872690024A024 /* Build configuration list for PBXNativeTarget "IBBasics" */;
			buildPhases = (
				FADACA222A5872680024A024 /* Sources */,
				FADACA232A5872680024A024 /* Frameworks */,
				FADACA242A5872680024A024 /* Resources */,
			);
			buildRules = (
			);
			dependencies = (
			);
			name = IBBasics;
			productName = IBBasics;
			productReference = FADACA262A5872680024A024 /* IBBasics.app */;
			productType = "com.apple.product-type.application";
		};
		FADACA3B2A5872690024A024 /* IBBasicsTests */ = {
			isa = PBXNativeTarget;
			buildConfigurationList = FADACA532A5872690024A024 /* Build configuration list for PBXNativeTarget "IBBasicsTests" */;
			buildPhases = (
				FADACA382A5872690024A024 /* Sources */,
				FADACA392A5872690024A024 /* Frameworks */,
				FADACA3A2A5872690024A024 /* Resources */,
			);
			buildRules = (
			);
			dependencies = (
				FADACA3E2A5872690024A024 /* PBXTargetDependency */,
			);
			name = IBBasicsTests;
			productName = IBBasicsTests;
			productReference = FADACA3C2A5872690024A024 /* IBBasicsTests.xctest */;
			productType = "com.apple.product-type.bundle.unit-test";
		};
		FADACA452A5872690024A024 /* IBBasicsUITests */ = {
			isa = PBXNativeTarget;
			buildConfigurationList = FADACA562A5872690024A024 /* Build configuration list for PBXNativeTarget "IBBasicsUITests" */;
			buildPhases = (
				FADACA422A5872690024A024 /* Sources */,
				FADACA432A5872690024A024 /* Frameworks */,
				FADACA442A5872690024A024 /* Resources */,
			);
			buildRules = (
			);
			dependencies = (
				FADACA482A5872690024A024 /* PBXTargetDependency */,
			);
			name = IBBasicsUITests;
			productName = IBBasicsUITests;
			productReference = FADACA462A5872690024A024 /* IBBasicsUITests.xctest */;
			productType = "com.apple.product-type.bundle.ui-testing";
		};
/* End PBXNativeTarget section */

/* Begin PBXProject section */
		FADACA1E2A5872680024A024 /* Project object */ = {
			isa = PBXProject;
			attributes = {
				BuildIndependentTargetsInParallel = 1;
				LastSwiftUpdateCheck = 1430;
				LastUpgradeCheck = 1430;
				TargetAttributes = {
					FADACA252A5872680024A024 = {
						CreatedOnToolsVersion = 14.3.1;
					};
					FADACA3B2A5872690024A024 = {
						CreatedOnToolsVersion = 14.3.1;
						TestTargetID = FADACA252A5872680024A024;
					};
					FADACA452A5872690024A024 = {
						CreatedOnToolsVersion = 14.3.1;
						TestTargetID = FADACA252A5872680024A024;
					};
				};
			};
			buildConfigurationList = FADACA212A5872680024A024 /* Build configuration list for PBXProject "IBBasics" */;
			compatibilityVersion = "Xcode 14.0";
			developmentRegion = en;
			hasScannedForEncodings = 0;
			knownRegions = (
				en,
				Base,
			);
			mainGroup = FADACA1D2A5872680024A024;
			productRefGroup = FADACA272A5872680024A024 /* Products */;
			projectDirPath = "";
			projectRoot = "";
			targets = (
				FADACA252A5872680024A024 /* IBBasics */,
				FADACA3B2A5872690024A024 /* IBBasicsTests */,
				FADACA452A5872690024A024 /* IBBasicsUITests */,
			);
		};
/* End PBXProject section */

/* Begin PBXResourcesBuildPhase section */
		FADACA242A5872680024A024 /* Resources */ = {
			isa = PBXResourcesBuildPhase;
			buildActionMask = 2147483647;
			files = (
				FADACA362A5872690024A024 /* LaunchScreen.storyboard in Resources */,
				FADACA332A5872690024A024 /* Assets.xcassets in Resources */,
				FADACA312A5872680024A024 /* Main.storyboard in Resources */,
			);
			runOnlyForDeploymentPostprocessing = 0;
		};
		FADACA3A2A5872690024A024 /* Resources */ = {
			isa = PBXResourcesBuildPhase;
			buildActionMask = 2147483647;
			files = (
			);
			runOnlyForDeploymentPostprocessing = 0;
		};
		FADACA442A5872690024A024 /* Resources */ = {
			isa = PBXResourcesBuildPhase;
			buildActionMask = 2147483647;
			files = (
			);
			runOnlyForDeploymentPostprocessing = 0;
		};
/* End PBXResourcesBuildPhase section */

/* Begin PBXSourcesBuildPhase section */
		FADACA222A5872680024A024 /* Sources */ = {
			isa = PBXSourcesBuildPhase;
			buildActionMask = 2147483647;
			files = (
				FADACA2E2A5872680024A024 /* ViewController.swift in Sources */,
				FADACA2A2A5872680024A024 /* AppDelegate.swift in Sources */,
				FADACA2C2A5872680024A024 /* SceneDelegate.swift in Sources */,
			);
			runOnlyForDeploymentPostprocessing = 0;
		};
		FADACA382A5872690024A024 /* Sources */ = {
			isa = PBXSourcesBuildPhase;
			buildActionMask = 2147483647;
			files = (
				FADACA412A5872690024A024 /* IBBasicsTests.swift in Sources */,
			);
			runOnlyForDeploymentPostprocessing = 0;
		};
		FADACA422A5872690024A024 /* Sources */ = {
			isa = PBXSourcesBuildPhase;
			buildActionMask = 2147483647;
			files = (
				FADACA4D2A5872690024A024 /* IBBasicsUITestsLaunchTests.swift in Sources */,
				FADACA4B2A5872690024A024 /* IBBasicsUITests.swift in Sources */,
			);
			runOnlyForDeploymentPostprocessing = 0;
		};
/* End PBXSourcesBuildPhase section */

/* Begin PBXTargetDependency section */
		FADACA3E2A5872690024A024 /* PBXTargetDependency */ = {
			isa = PBXTargetDependency;
			target = FADACA252A5872680024A024 /* IBBasics */;
			targetProxy = FADACA3D2A5872690024A024 /* PBXContainerItemProxy */;
		};
		FADACA482A5872690024A024 /* PBXTargetDependency */ = {
			isa = PBXTargetDependency;
			target = FADACA252A5872680024A024 /* IBBasics */;
			targetProxy = FADACA472A5872690024A024 /* PBXContainerItemProxy */;
		};
/* End PBXTargetDependency section */

/* Begin PBXVariantGroup section */
		FADACA2F2A5872680024A024 /* Main.storyboard */ = {
			isa = PBXVariantGroup;
			children = (
				FADACA302A5872680024A024 /* Base */,
			);
			name = Main.storyboard;
			sourceTree = "<group>";
		};
		FADACA342A5872690024A024 /* LaunchScreen.storyboard */ = {
			isa = PBXVariantGroup;
			children = (
				FADACA352A5872690024A024 /* Base */,
			);
			name = LaunchScreen.storyboard;
			sourceTree = "<group>";
		};
/* End PBXVariantGroup section */

/* Begin XCBuildConfiguration section */
		FADACA4E2A5872690024A024 /* Debug */ = {
			isa = XCBuildConfiguration;
			buildSettings = {
				ALWAYS_SEARCH_USER_PATHS = NO;
				CLANG_ANALYZER_NONNULL = YES;
				CLANG_ANALYZER_NUMBER_OBJECT_CONVERSION = YES_AGGRESSIVE;
				CLANG_CXX_LANGUAGE_STANDARD = "gnu++20";
				CLANG_ENABLE_MODULES = YES;
				CLANG_ENABLE_OBJC_ARC = YES;
				CLANG_ENABLE_OBJC_WEAK = YES;
				CLANG_WARN_BLOCK_CAPTURE_AUTORELEASING = YES;
				CLANG_WARN_BOOL_CONVERSION = YES;
				CLANG_WARN_COMMA = YES;
				CLANG_WARN_CONSTANT_CONVERSION = YES;
				CLANG_WARN_DEPRECATED_OBJC_IMPLEMENTATIONS = YES;
				CLANG_WARN_DIRECT_OBJC_ISA_USAGE = YES_ERROR;
				CLANG_WARN_DOCUMENTATION_COMMENTS = YES;
				CLANG_WARN_EMPTY_BODY = YES;
				CLANG_WARN_ENUM_CONVERSION = YES;
				CLANG_WARN_INFINITE_RECURSION = YES;
				CLANG_WARN_INT_CONVERSION = YES;
				CLANG_WARN_NON_LITERAL_NULL_CONVERSION = YES;
				CLANG_WARN_OBJC_IMPLICIT_RETAIN_SELF = YES;
				CLANG_WARN_OBJC_LITERAL_CONVERSION = YES;
				CLANG_WARN_OBJC_ROOT_CLASS = YES_ERROR;
				CLANG_WARN_QUOTED_INCLUDE_IN_FRAMEWORK_HEADER = YES;
				CLANG_WARN_RANGE_LOOP_ANALYSIS = YES;
				CLANG_WARN_STRICT_PROTOTYPES = YES;
				CLANG_WARN_SUSPICIOUS_MOVE = YES;
				CLANG_WARN_UNGUARDED_AVAILABILITY = YES_AGGRESSIVE;
				CLANG_WARN_UNREACHABLE_CODE = YES;
				CLANG_WARN__DUPLICATE_METHOD_MATCH = YES;
				COPY_PHASE_STRIP = NO;
				DEBUG_INFORMATION_FORMAT = dwarf;
				ENABLE_STRICT_OBJC_MSGSEND = YES;
				ENABLE_TESTABILITY = YES;
				GCC_C_LANGUAGE_STANDARD = gnu11;
				GCC_DYNAMIC_NO_PIC = NO;
				GCC_NO_COMMON_BLOCKS = YES;
				GCC_OPTIMIZATION_LEVEL = 0;
				GCC_PREPROCESSOR_DEFINITIONS = (
					"DEBUG=1",
					"$(inherited)",
				);
				GCC_WARN_64_TO_32_BIT_CONVERSION = YES;
				GCC_WARN_ABOUT_RETURN_TYPE = YES_ERROR;
				GCC_WARN_UNDECLARED_SELECTOR = YES;
				GCC_WARN_UNINITIALIZED_AUTOS = YES_AGGRESSIVE;
				GCC_WARN_UNUSED_FUNCTION = YES;
				GCC_WARN_UNUSED_VARIABLE = YES;
				IPHONEOS_DEPLOYMENT_TARGET = 16.4;
				MTL_ENABLE_DEBUG_INFO = INCLUDE_SOURCE;
				MTL_FAST_MATH = YES;
				ONLY_ACTIVE_ARCH = YES;
				SDKROOT = iphoneos;
				SWIFT_ACTIVE_COMPILATION_CONDITIONS = DEBUG;
				SWIFT_OPTIMIZATION_LEVEL = "-Onone";
			};
			name = Debug;
		};
		FADACA4F2A5872690024A024 /* Release */ = {
			isa = XCBuildConfiguration;
			buildSettings = {
				ALWAYS_SEARCH_USER_PATHS = NO;
				CLANG_ANALYZER_NONNULL = YES;
				CLANG_ANALYZER_NUMBER_OBJECT_CONVERSION = YES_AGGRESSIVE;
				CLANG_CXX_LANGUAGE_STANDARD = "gnu++20";
				CLANG_ENABLE_MODULES = YES;
				CLANG_ENABLE_OBJC_ARC = YES;
				CLANG_ENABLE_OBJC_WEAK = YES;
				CLANG_WARN_BLOCK_CAPTURE_AUTORELEASING = YES;
				CLANG_WARN_BOOL_CONVERSION = YES;
				CLANG_WARN_COMMA = YES;
				CLANG_WARN_CONSTANT_CONVERSION = YES;
				CLANG_WARN_DEPRECATED_OBJC_IMPLEMENTATIONS = YES;
				CLANG_WARN_DIRECT_OBJC_ISA_USAGE = YES_ERROR;
				CLANG_WARN_DOCUMENTATION_COMMENTS = YES;
				CLANG_WARN_EMPTY_BODY = YES;
				CLANG_WARN_ENUM_CONVERSION = YES;
				CLANG_WARN_INFINITE_RECURSION = YES;
				CLANG_WARN_INT_CONVERSION = YES;
				CLANG_WARN_NON_LITERAL_NULL_CONVERSION = YES;
				CLANG_WARN_OBJC_IMPLICIT_RETAIN_SELF = YES;
				CLANG_WARN_OBJC_LITERAL_CONVERSION = YES;
				CLANG_WARN_OBJC_ROOT_CLASS = YES_ERROR;
				CLANG_WARN_QUOTED_INCLUDE_IN_FRAMEWORK_HEADER = YES;
				CLANG_WARN_RANGE_LOOP_ANALYSIS = YES;
				CLANG_WARN_STRICT_PROTOTYPES = YES;
				CLANG_WARN_SUSPICIOUS_MOVE = YES;
				CLANG_WARN_UNGUARDED_AVAILABILITY = YES_AGGRESSIVE;
				CLANG_WARN_UNREACHABLE_CODE = YES;
				CLANG_WARN__DUPLICATE_METHOD_MATCH = YES;
				COPY_PHASE_STRIP = NO;
				DEBUG_INFORMATION_FORMAT = "dwarf-with-dsym";
				ENABLE_NS_ASSERTIONS = NO;
				ENABLE_STRICT_OBJC_MSGSEND = YES;
				GCC_C_LANGUAGE_STANDARD = gnu11;
				GCC_NO_COMMON_BLOCKS = YES;
				GCC_WARN_64_TO_32_BIT_CONVERSION = YES;
				GCC_WARN_ABOUT_RETURN_TYPE = YES_ERROR;
				GCC_WARN_UNDECLARED_SELECTOR = YES;
				GCC_WARN_UNINITIALIZED_AUTOS = YES_AGGRESSIVE;
				GCC_WARN_UNUSED_FUNCTION = YES;
				GCC_WARN_UNUSED_VARIABLE = YES;
				IPHONEOS_DEPLOYMENT_TARGET = 16.4;
				MTL_ENABLE_DEBUG_INFO = NO;
				MTL_FAST_MATH = YES;
				SDKROOT = iphoneos;
				SWIFT_COMPILATION_MODE = wholemodule;
				SWIFT_OPTIMIZATION_LEVEL = "-O";
				VALIDATE_PRODUCT = YES;
			};
			name = Release;
		};
		FADACA512A5872690024A024 /* Debug */ = {
			isa = XCBuildConfiguration;
			buildSettings = {
				ASSETCATALOG_COMPILER_APPICON_NAME = AppIcon;
				ASSETCATALOG_COMPILER_GLOBAL_ACCENT_COLOR_NAME = AccentColor;
				CODE_SIGN_STYLE = Automatic;
				CURRENT_PROJECT_VERSION = 1;
				GENERATE_INFOPLIST_FILE = YES;
				INFOPLIST_FILE = IBBasics/Info.plist;
				INFOPLIST_KEY_UIApplicationSupportsIndirectInputEvents = YES;
				INFOPLIST_KEY_UILaunchStoryboardName = LaunchScreen;
				INFOPLIST_KEY_UIMainStoryboardFile = Main;
				INFOPLIST_KEY_UISupportedInterfaceOrientations_iPad = "UIInterfaceOrientationPortrait UIInterfaceOrientationPortraitUpsideDown UIInterfaceOrientationLandscapeLeft UIInterfaceOrientationLandscapeRight";
				INFOPLIST_KEY_UISupportedInterfaceOrientations_iPhone = "UIInterfaceOrientationPortrait UIInterfaceOrientationLandscapeLeft UIInterfaceOrientationLandscapeRight";
				LD_RUNPATH_SEARCH_PATHS = (
					"$(inherited)",
					"@executable_path/Frameworks",
				);
				MARKETING_VERSION = 1.0;
				PRODUCT_BUNDLE_IDENTIFIER = aman.IBBasics;
				PRODUCT_NAME = "$(TARGET_NAME)";
				SWIFT_EMIT_LOC_STRINGS = YES;
				SWIFT_VERSION = 5.0;
				TARGETED_DEVICE_FAMILY = "1,2";
			};
			name = Debug;
		};
		FADACA522A5872690024A024 /* Release */ = {
			isa = XCBuildConfiguration;
			buildSettings = {
				ASSETCATALOG_COMPILER_APPICON_NAME = AppIcon;
				ASSETCATALOG_COMPILER_GLOBAL_ACCENT_COLOR_NAME = AccentColor;
				CODE_SIGN_STYLE = Automatic;
				CURRENT_PROJECT_VERSION = 1;
				GENERATE_INFOPLIST_FILE = YES;
				INFOPLIST_FILE = IBBasics/Info.plist;
				INFOPLIST_KEY_UIApplicationSupportsIndirectInputEvents = YES;
				INFOPLIST_KEY_UILaunchStoryboardName = LaunchScreen;
				INFOPLIST_KEY_UIMainStoryboardFile = Main;
				INFOPLIST_KEY_UISupportedInterfaceOrientations_iPad = "UIInterfaceOrientationPortrait UIInterfaceOrientationPortraitUpsideDown UIInterfaceOrientationLandscapeLeft UIInterfaceOrientationLandscapeRight";
				INFOPLIST_KEY_UISupportedInterfaceOrientations_iPhone = "UIInterfaceOrientationPortrait UIInterfaceOrientationLandscapeLeft UIInterfaceOrientationLandscapeRight";
				LD_RUNPATH_SEARCH_PATHS = (
					"$(inherited)",
					"@executable_path/Frameworks",
				);
				MARKETING_VERSION = 1.0;
				PRODUCT_BUNDLE_IDENTIFIER = aman.IBBasics;
				PRODUCT_NAME = "$(TARGET_NAME)";
				SWIFT_EMIT_LOC_STRINGS = YES;
				SWIFT_VERSION = 5.0;
				TARGETED_DEVICE_FAMILY = "1,2";
			};
			name = Release;
		};
		FADACA542A5872690024A024 /* Debug */ = {
			isa = XCBuildConfiguration;
			buildSettings = {
				ALWAYS_EMBED_SWIFT_STANDARD_LIBRARIES = YES;
				BUNDLE_LOADER = "$(TEST_HOST)";
				CODE_SIGN_STYLE = Automatic;
				CURRENT_PROJECT_VERSION = 1;
				GENERATE_INFOPLIST_FILE = YES;
				IPHONEOS_DEPLOYMENT_TARGET = 16.4;
				MARKETING_VERSION = 1.0;
				PRODUCT_BUNDLE_IDENTIFIER = aman.IBBasicsTests;
				PRODUCT_NAME = "$(TARGET_NAME)";
				SWIFT_EMIT_LOC_STRINGS = NO;
				SWIFT_VERSION = 5.0;
				TARGETED_DEVICE_FAMILY = "1,2";
				TEST_HOST = "$(BUILT_PRODUCTS_DIR)/IBBasics.app/$(BUNDLE_EXECUTABLE_FOLDER_PATH)/IBBasics";
			};
			name = Debug;
		};
		FADACA552A5872690024A024 /* Release */ = {
			isa = XCBuildConfiguration;
			buildSettings = {
				ALWAYS_EMBED_SWIFT_STANDARD_LIBRARIES = YES;
				BUNDLE_LOADER = "$(TEST_HOST)";
				CODE_SIGN_STYLE = Automatic;
				CURRENT_PROJECT_VERSION = 1;
				GENERATE_INFOPLIST_FILE = YES;
				IPHONEOS_DEPLOYMENT_TARGET = 16.4;
				MARKETING_VERSION = 1.0;
				PRODUCT_BUNDLE_IDENTIFIER = aman.IBBasicsTests;
				PRODUCT_NAME = "$(TARGET_NAME)";
				SWIFT_EMIT_LOC_STRINGS = NO;
				SWIFT_VERSION = 5.0;
				TARGETED_DEVICE_FAMILY = "1,2";
				TEST_HOST = "$(BUILT_PRODUCTS_DIR)/IBBasics.app/$(BUNDLE_EXECUTABLE_FOLDER_PATH)/IBBasics";
			};
			name = Release;
		};
		FADACA572A5872690024A024 /* Debug */ = {
			isa = XCBuildConfiguration;
			buildSettings = {
				ALWAYS_EMBED_SWIFT_STANDARD_LIBRARIES = YES;
				CODE_SIGN_STYLE = Automatic;
				CURRENT_PROJECT_VERSION = 1;
				GENERATE_INFOPLIST_FILE = YES;
				MARKETING_VERSION = 1.0;
				PRODUCT_BUNDLE_IDENTIFIER = aman.IBBasicsUITests;
				PRODUCT_NAME = "$(TARGET_NAME)";
				SWIFT_EMIT_LOC_STRINGS = NO;
				SWIFT_VERSION = 5.0;
				TARGETED_DEVICE_FAMILY = "1,2";
				TEST_TARGET_NAME = IBBasics;
			};
			name = Debug;
		};
		FADACA582A5872690024A024 /* Release */ = {
			isa = XCBuildConfiguration;
			buildSettings = {
				ALWAYS_EMBED_SWIFT_STANDARD_LIBRARIES = YES;
				CODE_SIGN_STYLE = Automatic;
				CURRENT_PROJECT_VERSION = 1;
				GENERATE_INFOPLIST_FILE = YES;
				MARKETING_VERSION = 1.0;
				PRODUCT_BUNDLE_IDENTIFIER = aman.IBBasicsUITests;
				PRODUCT_NAME = "$(TARGET_NAME)";
				SWIFT_EMIT_LOC_STRINGS = NO;
				SWIFT_VERSION = 5.0;
				TARGETED_DEVICE_FAMILY = "1,2";
				TEST_TARGET_NAME = IBBasics;
			};
			name = Release;
		};
/* End XCBuildConfiguration section */

/* Begin XCConfigurationList section */
		FADACA212A5872680024A024 /* Build configuration list for PBXProject "IBBasics" */ = {
			isa = XCConfigurationList;
			buildConfigurations = (
				FADACA4E2A5872690024A024 /* Debug */,
				FADACA4F2A5872690024A024 /* Release */,
			);
			defaultConfigurationIsVisible = 0;
			defaultConfigurationName = Release;
		};
		FADACA502A5872690024A024 /* Build configuration list for PBXNativeTarget "IBBasics" */ = {
			isa = XCConfigurationList;
			buildConfigurations = (
				FADACA512A5872690024A024 /* Debug */,
				FADACA522A5872690024A024 /* Release */,
			);
			defaultConfigurationIsVisible = 0;
			defaultConfigurationName = Release;
		};
		FADACA532A5872690024A024 /* Build configuration list for PBXNativeTarget "IBBasicsTests" */ = {
			isa = XCConfigurationList;
			buildConfigurations = (
				FADACA542A5872690024A024 /* Debug */,
				FADACA552A5872690024A024 /* Release */,
			);
			defaultConfigurationIsVisible = 0;
			defaultConfigurationName = Release;
		};
		FADACA562A5872690024A024 /* Build configuration list for PBXNativeTarget "IBBasicsUITests" */ = {
			isa = XCConfigurationList;
			buildConfigurations = (
				FADACA572A5872690024A024 /* Debug */,
				FADACA582A5872690024A024 /* Release */,
			);
			defaultConfigurationIsVisible = 0;
			defaultConfigurationName = Release;
		};
/* End XCConfigurationList section */
	};
	rootObject = FADACA1E2A5872680024A024 /* Project object */;
}
